{
  "pins" : [
    {
      "identity" : "facebook-ios-sdk",
      "kind" : "remoteSourceControl",
      "location" : "https://github.com/facebook/facebook-ios-sdk",
      "state" : {
        "branch" : "main",
        "revision" : "9013cdb32606178041ba63a0bfa9a52ae9085dc0"
      }
    }
  ],
  "version" : 2
}
