// !$*UTF8*$!
{
	archiveVersion = 1;
	classes = {
	};
	objectVersion = 56;
	objects = {

/* Begin PBXBuildFile section */
		302A127F2A11C755000C037B /* DatabaseManager.swift in Sources */ = {isa = PBXBuildFile; fileRef = 302A127E2A11C755000C037B /* DatabaseManager.swift */; };
		30A94A7D2A05C0D700AB78C9 /* AppDelegate.swift in Sources */ = {isa = PBXBuildFile; fileRef = 30A94A7C2A05C0D700AB78C9 /* AppDelegate.swift */; };
		30A94A7F2A05C0D700AB78C9 /* SceneDelegate.swift in Sources */ = {isa = PBXBuildFile; fileRef = 30A94A7E2A05C0D700AB78C9 /* SceneDelegate.swift */; };
		30A94A812A05C0D700AB78C9 /* ConversationViewController.swift in Sources */ = {isa = PBXBuildFile; fileRef = 30A94A802A05C0D700AB78C9 /* ConversationViewController.swift */; };
		30A94A842A05C0D700AB78C9 /* Main.storyboard in Resources */ = {isa = PBXBuildFile; fileRef = 30A94A822A05C0D700AB78C9 /* Main.storyboard */; };
		30A94A862A05C0D800AB78C9 /* Assets.xcassets in Resources */ = {isa = PBXBuildFile; fileRef = 30A94A852A05C0D800AB78C9 /* Assets.xcassets */; };
		30A94A892A05C0D800AB78C9 /* LaunchScreen.storyboard in Resources */ = {isa = PBXBuildFile; fileRef = 30A94A872A05C0D800AB78C9 /* LaunchScreen.storyboard */; };
		30A94A962A05C42100AB78C9 /* LoginViewController.swift in Sources */ = {isa = PBXBuildFile; fileRef = 30A94A952A05C42100AB78C9 /* LoginViewController.swift */; };
		30A94A982A05C43800AB78C9 /* RegisterViewController.swift in Sources */ = {isa = PBXBuildFile; fileRef = 30A94A972A05C43800AB78C9 /* RegisterViewController.swift */; };
		30A94A9A2A05C45600AB78C9 /* PhotoViewerViewController.swift in Sources */ = {isa = PBXBuildFile; fileRef = 30A94A992A05C45600AB78C9 /* PhotoViewerViewController.swift */; };
		30A94A9C2A05C46A00AB78C9 /* VideoPlayViewController.swift in Sources */ = {isa = PBXBuildFile; fileRef = 30A94A9B2A05C46A00AB78C9 /* VideoPlayViewController.swift */; };
		30A94A9E2A05C48F00AB78C9 /* NewConversationViewController.swift in Sources */ = {isa = PBXBuildFile; fileRef = 30A94A9D2A05C48F00AB78C9 /* NewConversationViewController.swift */; };
		30A94AA02A05C49F00AB78C9 /* ProfileViewController.swift in Sources */ = {isa = PBXBuildFile; fileRef = 30A94A9F2A05C49F00AB78C9 /* ProfileViewController.swift */; };
		30A94AA32A05CCD900AB78C9 /* Extensions.swift in Sources */ = {isa = PBXBuildFile; fileRef = 30A94AA22A05CCD900AB78C9 /* Extensions.swift */; };
		30A94AA52A062EA400AB78C9 /* GoogleService-Info.plist in Resources */ = {isa = PBXBuildFile; fileRef = 30A94AA42A062EA400AB78C9 /* GoogleService-Info.plist */; };
		BCC892CC2A1E4DE0002FD8C0 /* ChatViewController.swift in Sources */ = {isa = PBXBuildFile; fileRef = BCC892CB2A1E4DE0002FD8C0 /* ChatViewController.swift */; };
		BCC892CE2A1E69D4002FD8C0 /* StorageManager.swift in Sources */ = {isa = PBXBuildFile; fileRef = BCC892CD2A1E69D4002FD8C0 /* StorageManager.swift */; };
		E9435E792595CB1483D1242C /* Pods_ChatApp.framework in Frameworks */ = {isa = PBXBuildFile; fileRef = 892D4BB93D9AA1018FB47E45 /* Pods_ChatApp.framework */; };
/* End PBXBuildFile section */

/* Begin PBXFileReference section */
		302A127E2A11C755000C037B /* DatabaseManager.swift */ = {isa = PBXFileReference; lastKnownFileType = sourcecode.swift; path = DatabaseManager.swift; sourceTree = "<group>"; };
		30A94A792A05C0D700AB78C9 /* ChatApp.app */ = {isa = PBXFileReference; explicitFileType = wrapper.application; includeInIndex = 0; path = ChatApp.app; sourceTree = BUILT_PRODUCTS_DIR; };
		30A94A7C2A05C0D700AB78C9 /* AppDelegate.swift */ = {isa = PBXFileReference; lastKnownFileType = sourcecode.swift; path = AppDelegate.swift; sourceTree = "<group>"; };
		30A94A7E2A05C0D700AB78C9 /* SceneDelegate.swift */ = {isa = PBXFileReference; lastKnownFileType = sourcecode.swift; path = SceneDelegate.swift; sourceTree = "<group>"; };
		30A94A802A05C0D700AB78C9 /* ConversationViewController.swift */ = {isa = PBXFileReference; lastKnownFileType = sourcecode.swift; path = ConversationViewController.swift; sourceTree = "<group>"; };
		30A94A832A05C0D700AB78C9 /* Base */ = {isa = PBXFileReference; lastKnownFileType = file.storyboard; name = Base; path = Base.lproj/Main.storyboard; sourceTree = "<group>"; };
		30A94A852A05C0D800AB78C9 /* Assets.xcassets */ = {isa = PBXFileReference; lastKnownFileType = folder.assetcatalog; path = Assets.xcassets; sourceTree = "<group>"; };
		30A94A882A05C0D800AB78C9 /* Base */ = {isa = PBXFileReference; lastKnownFileType = file.storyboard; name = Base; path = Base.lproj/LaunchScreen.storyboard; sourceTree = "<group>"; };
		30A94A8A2A05C0D800AB78C9 /* Info.plist */ = {isa = PBXFileReference; lastKnownFileType = text.plist.xml; path = Info.plist; sourceTree = "<group>"; };
		30A94A952A05C42100AB78C9 /* LoginViewController.swift */ = {isa = PBXFileReference; lastKnownFileType = sourcecode.swift; path = LoginViewController.swift; sourceTree = "<group>"; };
		30A94A972A05C43800AB78C9 /* RegisterViewController.swift */ = {isa = PBXFileReference; lastKnownFileType = sourcecode.swift; path = RegisterViewController.swift; sourceTree = "<group>"; };
		30A94A992A05C45600AB78C9 /* PhotoViewerViewController.swift */ = {isa = PBXFileReference; lastKnownFileType = sourcecode.swift; path = PhotoViewerViewController.swift; sourceTree = "<group>"; };
		30A94A9B2A05C46A00AB78C9 /* VideoPlayViewController.swift */ = {isa = PBXFileReference; lastKnownFileType = sourcecode.swift; path = VideoPlayViewController.swift; sourceTree = "<group>"; };
		30A94A9D2A05C48F00AB78C9 /* NewConversationViewController.swift */ = {isa = PBXFileReference; lastKnownFileType = sourcecode.swift; path = NewConversationViewController.swift; sourceTree = "<group>"; };
		30A94A9F2A05C49F00AB78C9 /* ProfileViewController.swift */ = {isa = PBXFileReference; lastKnownFileType = sourcecode.swift; path = ProfileViewController.swift; sourceTree = "<group>"; };
		30A94AA22A05CCD900AB78C9 /* Extensions.swift */ = {isa = PBXFileReference; lastKnownFileType = sourcecode.swift; path = Extensions.swift; sourceTree = "<group>"; };
		30A94AA42A062EA400AB78C9 /* GoogleService-Info.plist */ = {isa = PBXFileReference; fileEncoding = 4; lastKnownFileType = text.plist.xml; path = "GoogleService-Info.plist"; sourceTree = "<group>"; };
		5B7E3BE929A2D83E0A4E73A5 /* Pods-ChatApp.debug.xcconfig */ = {isa = PBXFileReference; includeInIndex = 1; lastKnownFileType = text.xcconfig; name = "Pods-ChatApp.debug.xcconfig"; path = "Target Support Files/Pods-ChatApp/Pods-ChatApp.debug.xcconfig"; sourceTree = "<group>"; };
		892D4BB93D9AA1018FB47E45 /* Pods_ChatApp.framework */ = {isa = PBXFileReference; explicitFileType = wrapper.framework; includeInIndex = 0; path = Pods_ChatApp.framework; sourceTree = BUILT_PRODUCTS_DIR; };
		B51852BEE6D30FEF726D5C01 /* Pods-ChatApp.release.xcconfig */ = {isa = PBXFileReference; includeInIndex = 1; lastKnownFileType = text.xcconfig; name = "Pods-ChatApp.release.xcconfig"; path = "Target Support Files/Pods-ChatApp/Pods-ChatApp.release.xcconfig"; sourceTree = "<group>"; };
		BCC892CB2A1E4DE0002FD8C0 /* ChatViewController.swift */ = {isa = PBXFileReference; lastKnownFileType = sourcecode.swift; path = ChatViewController.swift; sourceTree = "<group>"; };
		BCC892CD2A1E69D4002FD8C0 /* StorageManager.swift */ = {isa = PBXFileReference; lastKnownFileType = sourcecode.swift; path = StorageManager.swift; sourceTree = "<group>"; };
/* End PBXFileReference section */

/* Begin PBXFrameworksBuildPhase section */
		30A94A762A05C0D700AB78C9 /* Frameworks */ = {
			isa = PBXFrameworksBuildPhase;
			buildActionMask = 2147483647;
			files = (
				E9435E792595CB1483D1242C /* Pods_ChatApp.framework in Frameworks */,
			);
			runOnlyForDeploymentPostprocessing = 0;
		};
/* End PBXFrameworksBuildPhase section */

/* Begin PBXGroup section */
		30A94A702A05C0D700AB78C9 = {
			isa = PBXGroup;
			children = (
				30A94A7B2A05C0D700AB78C9 /* ChatApp */,
				30A94A7A2A05C0D700AB78C9 /* Products */,
				A8291F63F82171346EF475D1 /* Pods */,
				5F72147E0D4639B374C9DD5C /* Frameworks */,
			);
			sourceTree = "<group>";
		};
		30A94A7A2A05C0D700AB78C9 /* Products */ = {
			isa = PBXGroup;
			children = (
				30A94A792A05C0D700AB78C9 /* ChatApp.app */,
			);
			name = Products;
			sourceTree = "<group>";
		};
		30A94A7B2A05C0D700AB78C9 /* ChatApp */ = {
			isa = PBXGroup;
			children = (
				30A94AA42A062EA400AB78C9 /* GoogleService-Info.plist */,
				30A94A932A05C29D00AB78C9 /* Resources */,
				30A94A922A05C29600AB78C9 /* Models */,
				30A94A912A05C28D00AB78C9 /* Views */,
				30A94A902A05C27900AB78C9 /* Controllers */,
				30A94A8A2A05C0D800AB78C9 /* Info.plist */,
			);
			path = ChatApp;
			sourceTree = "<group>";
		};
		30A94A902A05C27900AB78C9 /* Controllers */ = {
			isa = PBXGroup;
			children = (
				30A94AA12A05C63C00AB78C9 /* Login */,
				30A94A802A05C0D700AB78C9 /* ConversationViewController.swift */,
				30A94A992A05C45600AB78C9 /* PhotoViewerViewController.swift */,
				30A94A9B2A05C46A00AB78C9 /* VideoPlayViewController.swift */,
				30A94A9D2A05C48F00AB78C9 /* NewConversationViewController.swift */,
				30A94A9F2A05C49F00AB78C9 /* ProfileViewController.swift */,
				BCC892CB2A1E4DE0002FD8C0 /* ChatViewController.swift */,
			);
			path = Controllers;
			sourceTree = "<group>";
		};
		30A94A912A05C28D00AB78C9 /* Views */ = {
			isa = PBXGroup;
			children = (
				30A94A942A05C2DC00AB78C9 /* Storyboards */,
				30A94A852A05C0D800AB78C9 /* Assets.xcassets */,
			);
			path = Views;
			sourceTree = "<group>";
		};
		30A94A922A05C29600AB78C9 /* Models */ = {
			isa = PBXGroup;
			children = (
			);
			path = Models;
			sourceTree = "<group>";
		};
		30A94A932A05C29D00AB78C9 /* Resources */ = {
			isa = PBXGroup;
			children = (
				30A94A7E2A05C0D700AB78C9 /* SceneDelegate.swift */,
				30A94A7C2A05C0D700AB78C9 /* AppDelegate.swift */,
				30A94AA22A05CCD900AB78C9 /* Extensions.swift */,
				302A127E2A11C755000C037B /* DatabaseManager.swift */,
				BCC892CD2A1E69D4002FD8C0 /* StorageManager.swift */,
			);
			path = Resources;
			sourceTree = "<group>";
		};
		30A94A942A05C2DC00AB78C9 /* Storyboards */ = {
			isa = PBXGroup;
			children = (
				30A94A872A05C0D800AB78C9 /* LaunchScreen.storyboard */,
				30A94A822A05C0D700AB78C9 /* Main.storyboard */,
			);
			path = Storyboards;
			sourceTree = "<group>";
		};
		30A94AA12A05C63C00AB78C9 /* Login */ = {
			isa = PBXGroup;
			children = (
				30A94A952A05C42100AB78C9 /* LoginViewController.swift */,
				30A94A972A05C43800AB78C9 /* RegisterViewController.swift */,
			);
			path = Login;
			sourceTree = "<group>";
		};
		5F72147E0D4639B374C9DD5C /* Frameworks */ = {
			isa = PBXGroup;
			children = (
				892D4BB93D9AA1018FB47E45 /* Pods_ChatApp.framework */,
			);
			name = Frameworks;
			sourceTree = "<group>";
		};
		A8291F63F82171346EF475D1 /* Pods */ = {
			isa = PBXGroup;
			children = (
				5B7E3BE929A2D83E0A4E73A5 /* Pods-ChatApp.debug.xcconfig */,
				B51852BEE6D30FEF726D5C01 /* Pods-ChatApp.release.xcconfig */,
			);
			path = Pods;
			sourceTree = "<group>";
		};
/* End PBXGroup section */

/* Begin PBXNativeTarget section */
		30A94A782A05C0D700AB78C9 /* ChatApp */ = {
			isa = PBXNativeTarget;
			buildConfigurationList = 30A94A8D2A05C0D800AB78C9 /* Build configuration list for PBXNativeTarget "ChatApp" */;
			buildPhases = (
				A63BC3E090D5EA6D9D4D4440 /* [CP] Check Pods Manifest.lock */,
				30A94A752A05C0D700AB78C9 /* Sources */,
				30A94A762A05C0D700AB78C9 /* Frameworks */,
				30A94A772A05C0D700AB78C9 /* Resources */,
				8C5D22D64D802436BC6CCDB5 /* [CP] Embed Pods Frameworks */,
			);
			buildRules = (
			);
			dependencies = (
			);
			name = ChatApp;
			productName = ChatApp;
			productReference = 30A94A792A05C0D700AB78C9 /* ChatApp.app */;
			productType = "com.apple.product-type.application";
		};
/* End PBXNativeTarget section */

/* Begin PBXProject section */
		30A94A712A05C0D700AB78C9 /* Project object */ = {
			isa = PBXProject;
			attributes = {
				BuildIndependentTargetsInParallel = 1;
				LastSwiftUpdateCheck = 1420;
				LastUpgradeCheck = 1420;
				TargetAttributes = {
					30A94A782A05C0D700AB78C9 = {
						CreatedOnToolsVersion = 14.2;
					};
				};
			};
			buildConfigurationList = 30A94A742A05C0D700AB78C9 /* Build configuration list for PBXProject "ChatApp" */;
			compatibilityVersion = "Xcode 14.0";
			developmentRegion = en;
			hasScannedForEncodings = 0;
			knownRegions = (
				en,
				Base,
			);
			mainGroup = 30A94A702A05C0D700AB78C9;
			productRefGroup = 30A94A7A2A05C0D700AB78C9 /* Products */;
			projectDirPath = "";
			projectRoot = "";
			targets = (
				30A94A782A05C0D700AB78C9 /* ChatApp */,
			);
		};
/* End PBXProject section */

/* Begin PBXResourcesBuildPhase section */
		30A94A772A05C0D700AB78C9 /* Resources */ = {
			isa = PBXResourcesBuildPhase;
			buildActionMask = 2147483647;
			files = (
				30A94A892A05C0D800AB78C9 /* LaunchScreen.storyboard in Resources */,
				30A94AA52A062EA400AB78C9 /* GoogleService-Info.plist in Resources */,
				30A94A862A05C0D800AB78C9 /* Assets.xcassets in Resources */,
				30A94A842A05C0D700AB78C9 /* Main.storyboard in Resources */,
			);
			runOnlyForDeploymentPostprocessing = 0;
		};
/* End PBXResourcesBuildPhase section */

/* Begin PBXShellScriptBuildPhase section */
		8C5D22D64D802436BC6CCDB5 /* [CP] Embed Pods Frameworks */ = {
			isa = PBXShellScriptBuildPhase;
			buildActionMask = 2147483647;
			files = (
			);
			inputFileListPaths = (
				"${PODS_ROOT}/Target Support Files/Pods-ChatApp/Pods-ChatApp-frameworks-${CONFIGURATION}-input-files.xcfilelist",
			);
			name = "[CP] Embed Pods Frameworks";
			outputFileListPaths = (
				"${PODS_ROOT}/Target Support Files/Pods-ChatApp/Pods-ChatApp-frameworks-${CONFIGURATION}-output-files.xcfilelist",
			);
			runOnlyForDeploymentPostprocessing = 0;
			shellPath = /bin/sh;
			shellScript = "\"${PODS_ROOT}/Target Support Files/Pods-ChatApp/Pods-ChatApp-frameworks.sh\"\n";
			showEnvVarsInLog = 0;
		};
		A63BC3E090D5EA6D9D4D4440 /* [CP] Check Pods Manifest.lock */ = {
			isa = PBXShellScriptBuildPhase;
			buildActionMask = 2147483647;
			files = (
			);
			inputFileListPaths = (
			);
			inputPaths = (
				"${PODS_PODFILE_DIR_PATH}/Podfile.lock",
				"${PODS_ROOT}/Manifest.lock",
			);
			name = "[CP] Check Pods Manifest.lock";
			outputFileListPaths = (
			);
			outputPaths = (
				"$(DERIVED_FILE_DIR)/Pods-ChatApp-checkManifestLockResult.txt",
			);
			runOnlyForDeploymentPostprocessing = 0;
			shellPath = /bin/sh;
			shellScript = "diff \"${PODS_PODFILE_DIR_PATH}/Podfile.lock\" \"${PODS_ROOT}/Manifest.lock\" > /dev/null\nif [ $? != 0 ] ; then\n    # print error to STDERR\n    echo \"error: The sandbox is not in sync with the Podfile.lock. Run 'pod install' or update your CocoaPods installation.\" >&2\n    exit 1\nfi\n# This output is used by Xcode 'outputs' to avoid re-running this script phase.\necho \"SUCCESS\" > \"${SCRIPT_OUTPUT_FILE_0}\"\n";
			showEnvVarsInLog = 0;
		};
/* End PBXShellScriptBuildPhase section */

/* Begin PBXSourcesBuildPhase section */
		30A94A752A05C0D700AB78C9 /* Sources */ = {
			isa = PBXSourcesBuildPhase;
			buildActionMask = 2147483647;
			files = (
				30A94A962A05C42100AB78C9 /* LoginViewController.swift in Sources */,
				302A127F2A11C755000C037B /* DatabaseManager.swift in Sources */,
				30A94A9C2A05C46A00AB78C9 /* VideoPlayViewController.swift in Sources */,
				30A94A9E2A05C48F00AB78C9 /* NewConversationViewController.swift in Sources */,
				30A94A982A05C43800AB78C9 /* RegisterViewController.swift in Sources */,
				30A94A812A05C0D700AB78C9 /* ConversationViewController.swift in Sources */,
				30A94AA32A05CCD900AB78C9 /* Extensions.swift in Sources */,
				30A94A7D2A05C0D700AB78C9 /* AppDelegate.swift in Sources */,
				30A94AA02A05C49F00AB78C9 /* ProfileViewController.swift in Sources */,
				30A94A7F2A05C0D700AB78C9 /* SceneDelegate.swift in Sources */,
				BCC892CC2A1E4DE0002FD8C0 /* ChatViewController.swift in Sources */,
				30A94A9A2A05C45600AB78C9 /* PhotoViewerViewController.swift in Sources */,
				BCC892CE2A1E69D4002FD8C0 /* StorageManager.swift in Sources */,
			);
			runOnlyForDeploymentPostprocessing = 0;
		};
/* End PBXSourcesBuildPhase section */

/* Begin PBXVariantGroup section */
		30A94A822A05C0D700AB78C9 /* Main.storyboard */ = {
			isa = PBXVariantGroup;
			children = (
				30A94A832A05C0D700AB78C9 /* Base */,
			);
			name = Main.storyboard;
			sourceTree = "<group>";
		};
		30A94A872A05C0D800AB78C9 /* LaunchScreen.storyboard */ = {
			isa = PBXVariantGroup;
			children = (
				30A94A882A05C0D800AB78C9 /* Base */,
			);
			name = LaunchScreen.storyboard;
			sourceTree = "<group>";
		};
/* End PBXVariantGroup section */

/* Begin XCBuildConfiguration section */
		30A94A8B2A05C0D800AB78C9 /* Debug */ = {
			isa = XCBuildConfiguration;
			buildSettings = {
				ALWAYS_SEARCH_USER_PATHS = NO;
				CLANG_ANALYZER_NONNULL = YES;
				CLANG_ANALYZER_NUMBER_OBJECT_CONVERSION = YES_AGGRESSIVE;
				CLANG_CXX_LANGUAGE_STANDARD = "gnu++20";
				CLANG_ENABLE_MODULES = YES;
				CLANG_ENABLE_OBJC_ARC = YES;
				CLANG_ENABLE_OBJC_WEAK = YES;
				CLANG_WARN_BLOCK_CAPTURE_AUTORELEASING = YES;
				CLANG_WARN_BOOL_CONVERSION = YES;
				CLANG_WARN_COMMA = YES;
				CLANG_WARN_CONSTANT_CONVERSION = YES;
				CLANG_WARN_DEPRECATED_OBJC_IMPLEMENTATIONS = YES;
				CLANG_WARN_DIRECT_OBJC_ISA_USAGE = YES_ERROR;
				CLANG_WARN_DOCUMENTATION_COMMENTS = YES;
				CLANG_WARN_EMPTY_BODY = YES;
				CLANG_WARN_ENUM_CONVERSION = YES;
				CLANG_WARN_INFINITE_RECURSION = YES;
				CLANG_WARN_INT_CONVERSION = YES;
				CLANG_WARN_NON_LITERAL_NULL_CONVERSION = YES;
				CLANG_WARN_OBJC_IMPLICIT_RETAIN_SELF = YES;
				CLANG_WARN_OBJC_LITERAL_CONVERSION = YES;
				CLANG_WARN_OBJC_ROOT_CLASS = YES_ERROR;
				CLANG_WARN_QUOTED_INCLUDE_IN_FRAMEWORK_HEADER = YES;
				CLANG_WARN_RANGE_LOOP_ANALYSIS = YES;
				CLANG_WARN_STRICT_PROTOTYPES = YES;
				CLANG_WARN_SUSPICIOUS_MOVE = YES;
				CLANG_WARN_UNGUARDED_AVAILABILITY = YES_AGGRESSIVE;
				CLANG_WARN_UNREACHABLE_CODE = YES;
				CLANG_WARN__DUPLICATE_METHOD_MATCH = YES;
				COPY_PHASE_STRIP = NO;
				DEBUG_INFORMATION_FORMAT = dwarf;
				ENABLE_STRICT_OBJC_MSGSEND = YES;
				ENABLE_TESTABILITY = YES;
				GCC_C_LANGUAGE_STANDARD = gnu11;
				GCC_DYNAMIC_NO_PIC = NO;
				GCC_NO_COMMON_BLOCKS = YES;
				GCC_OPTIMIZATION_LEVEL = 0;
				GCC_PREPROCESSOR_DEFINITIONS = (
					"DEBUG=1",
					"$(inherited)",
				);
				GCC_WARN_64_TO_32_BIT_CONVERSION = YES;
				GCC_WARN_ABOUT_RETURN_TYPE = YES_ERROR;
				GCC_WARN_UNDECLARED_SELECTOR = YES;
				GCC_WARN_UNINITIALIZED_AUTOS = YES_AGGRESSIVE;
				GCC_WARN_UNUSED_FUNCTION = YES;
				GCC_WARN_UNUSED_VARIABLE = YES;
				IPHONEOS_DEPLOYMENT_TARGET = 16.2;
				MTL_ENABLE_DEBUG_INFO = INCLUDE_SOURCE;
				MTL_FAST_MATH = YES;
				ONLY_ACTIVE_ARCH = YES;
				SDKROOT = iphoneos;
				SWIFT_ACTIVE_COMPILATION_CONDITIONS = DEBUG;
				SWIFT_OPTIMIZATION_LEVEL = "-Onone";
			};
			name = Debug;
		};
		30A94A8C2A05C0D800AB78C9 /* Release */ = {
			isa = XCBuildConfiguration;
			buildSettings = {
				ALWAYS_SEARCH_USER_PATHS = NO;
				CLANG_ANALYZER_NONNULL = YES;
				CLANG_ANALYZER_NUMBER_OBJECT_CONVERSION = YES_AGGRESSIVE;
				CLANG_CXX_LANGUAGE_STANDARD = "gnu++20";
				CLANG_ENABLE_MODULES = YES;
				CLANG_ENABLE_OBJC_ARC = YES;
				CLANG_ENABLE_OBJC_WEAK = YES;
				CLANG_WARN_BLOCK_CAPTURE_AUTORELEASING = YES;
				CLANG_WARN_BOOL_CONVERSION = YES;
				CLANG_WARN_COMMA = YES;
				CLANG_WARN_CONSTANT_CONVERSION = YES;
				CLANG_WARN_DEPRECATED_OBJC_IMPLEMENTATIONS = YES;
				CLANG_WARN_DIRECT_OBJC_ISA_USAGE = YES_ERROR;
				CLANG_WARN_DOCUMENTATION_COMMENTS = YES;
				CLANG_WARN_EMPTY_BODY = YES;
				CLANG_WARN_ENUM_CONVERSION = YES;
				CLANG_WARN_INFINITE_RECURSION = YES;
				CLANG_WARN_INT_CONVERSION = YES;
				CLANG_WARN_NON_LITERAL_NULL_CONVERSION = YES;
				CLANG_WARN_OBJC_IMPLICIT_RETAIN_SELF = YES;
				CLANG_WARN_OBJC_LITERAL_CONVERSION = YES;
				CLANG_WARN_OBJC_ROOT_CLASS = YES_ERROR;
				CLANG_WARN_QUOTED_INCLUDE_IN_FRAMEWORK_HEADER = YES;
				CLANG_WARN_RANGE_LOOP_ANALYSIS = YES;
				CLANG_WARN_STRICT_PROTOTYPES = YES;
				CLANG_WARN_SUSPICIOUS_MOVE = YES;
				CLANG_WARN_UNGUARDED_AVAILABILITY = YES_AGGRESSIVE;
				CLANG_WARN_UNREACHABLE_CODE = YES;
				CLANG_WARN__DUPLICATE_METHOD_MATCH = YES;
				COPY_PHASE_STRIP = NO;
				DEBUG_INFORMATION_FORMAT = "dwarf-with-dsym";
				ENABLE_NS_ASSERTIONS = NO;
				ENABLE_STRICT_OBJC_MSGSEND = YES;
				GCC_C_LANGUAGE_STANDARD = gnu11;
				GCC_NO_COMMON_BLOCKS = YES;
				GCC_WARN_64_TO_32_BIT_CONVERSION = YES;
				GCC_WARN_ABOUT_RETURN_TYPE = YES_ERROR;
				GCC_WARN_UNDECLARED_SELECTOR = YES;
				GCC_WARN_UNINITIALIZED_AUTOS = YES_AGGRESSIVE;
				GCC_WARN_UNUSED_FUNCTION = YES;
				GCC_WARN_UNUSED_VARIABLE = YES;
				IPHONEOS_DEPLOYMENT_TARGET = 16.2;
				MTL_ENABLE_DEBUG_INFO = NO;
				MTL_FAST_MATH = YES;
				SDKROOT = iphoneos;
				SWIFT_COMPILATION_MODE = wholemodule;
				SWIFT_OPTIMIZATION_LEVEL = "-O";
				VALIDATE_PRODUCT = YES;
			};
			name = Release;
		};
		30A94A8E2A05C0D800AB78C9 /* Debug */ = {
			isa = XCBuildConfiguration;
			baseConfigurationReference = 5B7E3BE929A2D83E0A4E73A5 /* Pods-ChatApp.debug.xcconfig */;
			buildSettings = {
				ASSETCATALOG_COMPILER_APPICON_NAME = AppIcon;
				ASSETCATALOG_COMPILER_GLOBAL_ACCENT_COLOR_NAME = AccentColor;
				CODE_SIGN_STYLE = Automatic;
				CURRENT_PROJECT_VERSION = 1;
				DEVELOPMENT_TEAM = 5WQTP6T7UV;
				GENERATE_INFOPLIST_FILE = YES;
				INFOPLIST_FILE = ChatApp/Info.plist;
				INFOPLIST_KEY_NSCameraUsageDescription = "Please allow access to take a profile picture.";
				INFOPLIST_KEY_NSPhotoLibraryAddUsageDescription = "Please allow access to select a photo for your profile.";
				INFOPLIST_KEY_UIApplicationSupportsIndirectInputEvents = YES;
				INFOPLIST_KEY_UILaunchStoryboardName = LaunchScreen;
				INFOPLIST_KEY_UIMainStoryboardFile = Main;
				INFOPLIST_KEY_UISupportedInterfaceOrientations = UIInterfaceOrientationPortrait;
				INFOPLIST_KEY_UISupportedInterfaceOrientations_iPad = "UIInterfaceOrientationLandscapeLeft UIInterfaceOrientationLandscapeRight UIInterfaceOrientationPortrait UIInterfaceOrientationPortraitUpsideDown";
				LD_RUNPATH_SEARCH_PATHS = (
					"$(inherited)",
					"@executable_path/Frameworks",
				);
				MARKETING_VERSION = 1.0;
				PRODUCT_BUNDLE_IDENTIFIER = com.sakura.ChatApp;
				PRODUCT_NAME = "$(TARGET_NAME)";
				SWIFT_EMIT_LOC_STRINGS = YES;
				SWIFT_VERSION = 5.0;
				TARGETED_DEVICE_FAMILY = "1,2";
			};
			name = Debug;
		};
		30A94A8F2A05C0D800AB78C9 /* Release */ = {
			isa = XCBuildConfiguration;
			baseConfigurationReference = B51852BEE6D30FEF726D5C01 /* Pods-ChatApp.release.xcconfig */;
			buildSettings = {
				ASSETCATALOG_COMPILER_APPICON_NAME = AppIcon;
				ASSETCATALOG_COMPILER_GLOBAL_ACCENT_COLOR_NAME = AccentColor;
				CODE_SIGN_STYLE = Automatic;
				CURRENT_PROJECT_VERSION = 1;
				DEVELOPMENT_TEAM = 5WQTP6T7UV;
				GENERATE_INFOPLIST_FILE = YES;
				INFOPLIST_FILE = ChatApp/Info.plist;
				INFOPLIST_KEY_NSCameraUsageDescription = "Please allow access to take a profile picture.";
				INFOPLIST_KEY_NSPhotoLibraryAddUsageDescription = "Please allow access to select a photo for your profile.";
				INFOPLIST_KEY_UIApplicationSupportsIndirectInputEvents = YES;
				INFOPLIST_KEY_UILaunchStoryboardName = LaunchScreen;
				INFOPLIST_KEY_UIMainStoryboardFile = Main;
				INFOPLIST_KEY_UISupportedInterfaceOrientations = UIInterfaceOrientationPortrait;
				INFOPLIST_KEY_UISupportedInterfaceOrientations_iPad = "UIInterfaceOrientationLandscapeLeft UIInterfaceOrientationLandscapeRight UIInterfaceOrientationPortrait UIInterfaceOrientationPortraitUpsideDown";
				LD_RUNPATH_SEARCH_PATHS = (
					"$(inherited)",
					"@executable_path/Frameworks",
				);
				MARKETING_VERSION = 1.0;
				PRODUCT_BUNDLE_IDENTIFIER = com.sakura.ChatApp;
				PRODUCT_NAME = "$(TARGET_NAME)";
				SWIFT_EMIT_LOC_STRINGS = YES;
				SWIFT_VERSION = 5.0;
				TARGETED_DEVICE_FAMILY = "1,2";
			};
			name = Release;
		};
/* End XCBuildConfiguration section */

/* Begin XCConfigurationList section */
		30A94A742A05C0D700AB78C9 /* Build configuration list for PBXProject "ChatApp" */ = {
			isa = XCConfigurationList;
			buildConfigurations = (
				30A94A8B2A05C0D800AB78C9 /* Debug */,
				30A94A8C2A05C0D800AB78C9 /* Release */,
			);
			defaultConfigurationIsVisible = 0;
			defaultConfigurationName = Release;
		};
		30A94A8D2A05C0D800AB78C9 /* Build configuration list for PBXNativeTarget "ChatApp" */ = {
			isa = XCConfigurationList;
			buildConfigurations = (
				30A94A8E2A05C0D800AB78C9 /* Debug */,
				30A94A8F2A05C0D800AB78C9 /* Release */,
			);
			defaultConfigurationIsVisible = 0;
			defaultConfigurationName = Release;
		};
/* End XCConfigurationList section */
	};
	rootObject = 30A94A712A05C0D700AB78C9 /* Project object */;
}
